# Generated by pub
# See https://dart.dev/tools/pub/glossary#lockfile
packages:
  auth_grace:
    dependency: "direct main"
    description:
      path: ".."
      relative: true
    source: path
    version: "0.0.2"
  characters:
    dependency: transitive
    description:
      name: characters
      sha256: f71061c654a3380576a52b451dd5532377954cf9dbd272a78fc8479606670803
      url: "https://pub.dev"
    source: hosted
    version: "1.4.0"
  clock:
    dependency: transitive
    description:
      name: clock
      sha256: fddb70d9b5277016c77a80201021d40a2247104d9f4aa7bab7157b7e3f05b84b
      url: "https://pub.dev"
    source: hosted
    version: "1.1.2"
  collection:
    dependency: transitive
    description:
      name: collection
      sha256: "2f5709ae4d3d59dd8f7cd309b4e023046b57d8a6c82130785d2b0e5868084e76"
      url: "https://pub.dev"
    source: hosted
    version: "1.19.1"
  flutter:
    dependency: "direct main"
    description: flutter
    source: sdk
    version: "0.0.0"
  flutter_plugin_android_lifecycle:
    dependency: transitive
    description:
      name: flutter_plugin_android_lifecycle
      sha256: "38d1c268de9097ff59cf0e844ac38759fc78f76836d37edad06fa21e182055a0"
      url: "https://pub.dev"
    source: hosted
    version: "2.0.34"
  intl:
    dependency: transitive
    description:
      name: intl
      sha256: "3df61194eb431efc39c4ceba583b95633a403f46c9fd341e550ce0bfa50e9aa5"
      url: "https://pub.dev"
    source: hosted
    version: "0.20.2"
  local_auth:
    dependency: transitive
    description:
      name: local_auth
      sha256: ae6f382f638108c6becd134318d7c3f0a93875383a54010f61d7c97ac05d5137
      url: "https://pub.dev"
    source: hosted
    version: "3.0.1"
  local_auth_android:
    dependency: transitive
    description:
      name: local_auth_android
      sha256: b41970749c2d43791790724b76917eeee1e90de76e6b0eec3edca03a329bf44c
      url: "https://pub.dev"
    source: hosted
    version: "2.0.7"
  local_auth_darwin:
    dependency: transitive
    description:
      name: local_auth_darwin
      sha256: "668ea65edaab17380956e9713f57e34f78ede505ca0cfd8d39db34e2f260bfee"
      url: "https://pub.dev"
    source: hosted
    version: "2.0.1"
  local_auth_platform_interface:
    dependency: transitive
    description:
      name: local_auth_platform_interface
      sha256: f98b8e388588583d3f781f6806e4f4c9f9e189d898d27f0c249b93a1973dd122
      url: "https://pub.dev"
    source: hosted
    version: "1.1.0"
  local_auth_windows:
    dependency: transitive
    description:
      name: local_auth_windows
      sha256: be12c5b8ba5e64896983123655c5f67d2484ecfcc95e367952ad6e3bff94cb16
      url: "https://pub.dev"
    source: hosted
    version: "2.0.1"
  material_color_utilities:
    dependency: transitive
    description:
      name: material_color_utilities
      sha256: f7142bb1154231d7ea5f96bc7bde4bda2a0945d2806bb11670e30b850d56bdec
      url: "https://pub.dev"
    source: hosted
    version: "0.11.1"
  meta:
    dependency: transitive
    description:
      name: meta
      sha256: e3641ec5d63ebf0d9b41bd43201a66e3fc79a65db5f61fc181f04cd27aab950c
      url: "https://pub.dev"
    source: hosted
    version: "1.16.0"
  path:
    dependency: transitive
    description:
      name: path
      sha256: "75cca69d1490965be98c73ceaea117e8a04dd21217b37b292c9ddbec0d955bc5"
      url: "https://pub.dev"
    source: hosted
    version: "1.9.1"
  plugin_platform_interface:
    dependency: transitive
    description:
      name: plugin_platform_interface
      sha256: "4820fbfdb9478b1ebae27888254d445073732dae3d6ea81f0b7e06d5dedc3f02"
      url: "https://pub.dev"
    source: hosted
    version: "2.1.8"
  sky_engine:
    dependency: transitive
    description: flutter
    source: sdk
    version: "0.0.0"
  vector_math:
    dependency: transitive
    description:
      name: vector_math
      sha256: d530bd74fea330e6e364cda7a85019c434070188383e1cd8d9777ee586914c5b
      url: "https://pub.dev"
    source: hosted
    version: "2.2.0"
sdks:
  dart: ">=3.9.0 <4.0.0"
  flutter: ">=3.35.0"
